{
  "name": "krs-watcher",
  "version": "2.0.0",
  "lockfileVersion": 3,
  "requires": true,
  "packages": {
    "": {
      "name": "krs-watcher",
      "version": "2.0.0",
      "dependencies": {
        "nodemailer": "^6.9.8"
      }
    },
    "node_modules/nodemailer": {
      "version": "6.9.8",
      "resolved": "https://registry.npmjs.org/nodemailer/-/nodemailer-6.9.8.tgz",
      "integrity": "sha512-ZwVPE2uDjUIrqU5HNoL18DUE2NwOkTsgfwbPG06pkV0mADRc/oeYfV2kqRnn2y+jVm3fkuC3vVwS4Q4i8CIT5A==",
      "engines": {
        "node": ">=6.0.0"
      }
    }
  },
  "dependencies": {
    "nodemailer": {
      "version": "6.9.8"
    }
  }
}
